<?xml version="1.0" encoding="UTF-8" standalone="yes" ?>
<CodeBlocks_project_file>
	<FileVersion major="1" minor="6" />
	<Project>
		<Option title="FDMN" />
		<Option makefile_is_custom="1" />
		<Option pch_mode="2" />
		<Option compiler="gcc" />
		<Build>
			<Target title="Release">
				<Option output="FDMN" prefix_auto="1" extension_auto="1" />
				<Option object_output="C:/Users/Planeman/Git Repo/FDMN/.objs" />
				<Option type="1" />
				<Option compiler="gcc" />
				<Compiler>
					<Add option="-O2" />
				</Compiler>
				<Linker>
					<Add option="-s" />
				</Linker>
			</Target>
			<Target title="fdmn_server">
				<Option output="bin/fdmn" prefix_auto="1" extension_auto="1" />
				<Option working_dir="bin" />
				<Option type="1" />
				<Option compiler="gcc" />
				<Option use_console_runner="0" />
				<MakeCommands>
					<Build command="$make fdmn_server" />
					<CompileFile command="$make -f $makefile $file" />
					<Clean command="$make clean" />
					<DistClean command="$make -f $makefile distclean$target" />
					<AskRebuildNeeded command="$make -q -f $makefile $target" />
					<SilentBuild command="$make -s -f $makefile $target" />
				</MakeCommands>
			</Target>
		</Build>
		<Compiler>
			<Add option="-Wall" />
		</Compiler>
		<Unit filename="Makefile">
			<Option target="Release" />
		</Unit>
		<Unit filename="include/admin/cmd_bindings/all_cmds.h" />
		<Unit filename="include/admin/cmd_bindings/cmd_a.h" />
		<Unit filename="include/admin/cmd_bindings/cmd_t.h" />
		<Unit filename="include/admin/interface.h" />
		<Unit filename="include/fdmn.h" />
		<Unit filename="include/logging.h" />
		<Unit filename="include/net_interface.h" />
		<Unit filename="include/server_core.h" />
		<Unit filename="include/settings.h" />
		<Unit filename="include/settings/default_settings.h" />
		<Unit filename="lib/iniReader.h" />
		<Unit filename="settings.ini" />
		<Unit filename="src/admin/cmd_bindings/cmd_a.cpp" />
		<Unit filename="src/admin/cmd_bindings/cmd_t.cpp" />
		<Unit filename="src/admin/interface.cpp">
			<Option target="Release" />
		</Unit>
		<Unit filename="src/fdmn.cpp">
			<Option target="Release" />
		</Unit>
		<Unit filename="src/logging.cpp" />
		<Unit filename="src/net_interface.cpp" />
		<Unit filename="src/server_core.cpp" />
		<Unit filename="src/settings.cpp" />
		<Extensions>
			<code_completion />
			<debugger />
			<envvars />
		</Extensions>
	</Project>
</CodeBlocks_project_file>
